{
    "name": "@wocker/test-plugin",
    "version": "1.0.1",
    "lockfileVersion": 3,
    "requires": true,
    "packages": {
        "": {
            "name": "@wocker/test-plugin",
            "version": "1.0.1",
            "license": "MIT",
            "dependencies": {
                "@wocker/core": "^1.0.1"
            },
            "devDependencies": {
                "typescript": "^5.2.2"
            }
        },
        "node_modules/@kearisp/cli": {
            "version": "1.0.2",
            "resolved": "https://registry.npmjs.org/@kearisp/cli/-/cli-1.0.2.tgz",
            "integrity": "sha512-FUoU5aQoLOIbzzEQiZgRNGpk5Qd9nXH6CEPJ3Wc7Gd7UqQMVPBqHtNz+liFAnaKbzAgSmYjitiDiI02n9kunIw==",
            "dependencies": {
                "os": "^0.1.2"
            }
        },
        "node_modules/@wocker/core": {
            "version": "1.0.1",
            "resolved": "https://registry.npmjs.org/@wocker/core/-/core-1.0.1.tgz",
            "integrity": "sha512-gT8wJWIul1ccj9jn4vs7sx2Ol3lCsh68wVyZw0+6goIBPtF7/nsTSKbqpy2NmBqI0yicjdVdmuBRH8fPfjLxPQ==",
            "dependencies": {
                "@kearisp/cli": "^1.0.2",
                "fs": "^0.0.1-security",
                "path": "^0.12.7",
                "reflect-metadata": "^0.1.13"
            }
        },
        "node_modules/fs": {
            "version": "0.0.1-security",
            "resolved": "https://registry.npmjs.org/fs/-/fs-0.0.1-security.tgz",
            "integrity": "sha512-3XY9e1pP0CVEUCdj5BmfIZxRBTSDycnbqhIOGec9QYtmVH2fbLpj86CFWkrNOkt/Fvty4KZG5lTglL9j/gJ87w=="
        },
        "node_modules/inherits": {
            "version": "2.0.3",
            "resolved": "https://registry.npmjs.org/inherits/-/inherits-2.0.3.tgz",
            "integrity": "sha512-x00IRNXNy63jwGkJmzPigoySHbaqpNuzKbBOmzK+g2OdZpQ9w+sxCN+VSB3ja7IAge2OP2qpfxTjeNcyjmW1uw=="
        },
        "node_modules/os": {
            "version": "0.1.2",
            "resolved": "https://registry.npmjs.org/os/-/os-0.1.2.tgz",
            "integrity": "sha512-ZoXJkvAnljwvc56MbvhtKVWmSkzV712k42Is2mA0+0KTSRakq5XXuXpjZjgAt9ctzl51ojhQWakQQpmOvXWfjQ=="
        },
        "node_modules/path": {
            "version": "0.12.7",
            "resolved": "https://registry.npmjs.org/path/-/path-0.12.7.tgz",
            "integrity": "sha512-aXXC6s+1w7otVF9UletFkFcDsJeO7lSZBPUQhtb5O0xJe8LtYhj/GxldoL09bBj9+ZmE2hNoHqQSFMN5fikh4Q==",
            "dependencies": {
                "process": "^0.11.1",
                "util": "^0.10.3"
            }
        },
        "node_modules/process": {
            "version": "0.11.10",
            "resolved": "https://registry.npmjs.org/process/-/process-0.11.10.tgz",
            "integrity": "sha512-cdGef/drWFoydD1JsMzuFf8100nZl+GT+yacc2bEced5f9Rjk4z+WtFUTBu9PhOi9j/jfmBPu0mMEY4wIdAF8A==",
            "engines": {
                "node": ">= 0.6.0"
            }
        },
        "node_modules/reflect-metadata": {
            "version": "0.1.13",
            "resolved": "https://registry.npmjs.org/reflect-metadata/-/reflect-metadata-0.1.13.tgz",
            "integrity": "sha512-Ts1Y/anZELhSsjMcU605fU9RE4Oi3p5ORujwbIKXfWa+0Zxs510Qrmrce5/Jowq3cHSZSJqBjypxmHarc+vEWg=="
        },
        "node_modules/typescript": {
            "version": "5.2.2",
            "resolved": "https://registry.npmjs.org/typescript/-/typescript-5.2.2.tgz",
            "integrity": "sha512-mI4WrpHsbCIcwT9cF4FZvr80QUeKvsUsUvKDoR+X/7XHQH98xYD8YHZg7ANtz2GtZt/CBq2QJ0thkGJMHfqc1w==",
            "dev": true,
            "bin": {
                "tsc": "bin/tsc",
                "tsserver": "bin/tsserver"
            },
            "engines": {
                "node": ">=14.17"
            }
        },
        "node_modules/util": {
            "version": "0.10.4",
            "resolved": "https://registry.npmjs.org/util/-/util-0.10.4.tgz",
            "integrity": "sha512-0Pm9hTQ3se5ll1XihRic3FDIku70C+iHUdT/W926rSgHV5QgXsYbKZN8MSC3tJtSkhuROzvsQjAaFENRXr+19A==",
            "dependencies": {
                "inherits": "2.0.3"
            }
        }
    }
}
